
Microsoft Visual Studio Solution File, Format Version 12.00
# Visual Studio Version 17
VisualStudioVersion = 17.0.31903.59
MinimumVisualStudioVersion = 10.0.40219.1
Project("{FAE04EC0-301F-11D3-BF4B-00C04F79EFBC}") = "WebApplication1", "WebApplication1\WebApplication1.csproj", "{1EABF4C5-0E91-440C-8EAB-D8025F336D4F}"
EndProject
Project("{FAE04EC0-301F-11D3-BF4B-00C04F79EFBC}") = "TestProject1", "TestProject1\TestProject1.csproj", "{A871B548-EF7B-4B92-AB16-C48CAD182048}"
EndProject
Global
	GlobalSection(SolutionConfigurationPlatforms) = preSolution
		Debug|Any CPU = Debug|Any CPU
		Release|Any CPU = Release|Any CPU
	EndGlobalSection
	GlobalSection(SolutionProperties) = preSolution
		HideSolutionNode = FALSE
	EndGlobalSection
	GlobalSection(ProjectConfigurationPlatforms) = postSolution
		{1EABF4C5-0E91-440C-8EAB-D8025F336D4F}.Debug|Any CPU.ActiveCfg = Debug|Any CPU
		{1EABF4C5-0E91-440C-8EAB-D8025F336D4F}.Debug|Any CPU.Build.0 = Debug|Any CPU
		{1EABF4C5-0E91-440C-8EAB-D8025F336D4F}.Release|Any CPU.ActiveCfg = Release|Any CPU
		{1EABF4C5-0E91-440C-8EAB-D8025F336D4F}.Release|Any CPU.Build.0 = Release|Any CPU
		{A871B548-EF7B-4B92-AB16-C48CAD182048}.Debug|Any CPU.ActiveCfg = Debug|Any CPU
		{A871B548-EF7B-4B92-AB16-C48CAD182048}.Debug|Any CPU.Build.0 = Debug|Any CPU
		{A871B548-EF7B-4B92-AB16-C48CAD182048}.Release|Any CPU.ActiveCfg = Release|Any CPU
		{A871B548-EF7B-4B92-AB16-C48CAD182048}.Release|Any CPU.Build.0 = Release|Any CPU
	EndGlobalSection
EndGlobal
